// !$*UTF8*$!
{
	archiveVersion = 1;
	classes = {
	};
	objectVersion = 51;
	objects = {

/* Begin PBXBuildFile section */
		CFF7D8F0A0E45AEF3EB8C8CF /* Pods_ToDo.framework in Frameworks */ = {isa = PBXBuildFile; fileRef = 88A16C1FDDB361B5959F4288 /* Pods_ToDo.framework */; };
		DD37196724B76E36008A0CAE /* CategoryViewController.swift in Sources */ = {isa = PBXBuildFile; fileRef = DD37196624B76E36008A0CAE /* CategoryViewController.swift */; };
		DDCE284824BB0CEF00E321A7 /* SwipeTableViewController.swift in Sources */ = {isa = PBXBuildFile; fileRef = DDCE284724BB0CEF00E321A7 /* SwipeTableViewController.swift */; };
		DDF69D4124A3C67F002BD1D7 /* AppDelegate.swift in Sources */ = {isa = PBXBuildFile; fileRef = DDF69D4024A3C67F002BD1D7 /* AppDelegate.swift */; };
		DDF69D4324A3C67F002BD1D7 /* SceneDelegate.swift in Sources */ = {isa = PBXBuildFile; fileRef = DDF69D4224A3C67F002BD1D7 /* SceneDelegate.swift */; };
		DDF69D4524A3C67F002BD1D7 /* ToDoListViewController.swift in Sources */ = {isa = PBXBuildFile; fileRef = DDF69D4424A3C67F002BD1D7 /* ToDoListViewController.swift */; };
		DDF69D4824A3C67F002BD1D7 /* Main.storyboard in Resources */ = {isa = PBXBuildFile; fileRef = DDF69D4624A3C67F002BD1D7 /* Main.storyboard */; };
		DDF69D4B24A3C67F002BD1D7 /* ToDo.xcdatamodeld in Sources */ = {isa = PBXBuildFile; fileRef = DDF69D4924A3C67F002BD1D7 /* ToDo.xcdatamodeld */; };
		DDF69D4D24A3C684002BD1D7 /* Assets.xcassets in Resources */ = {isa = PBXBuildFile; fileRef = DDF69D4C24A3C684002BD1D7 /* Assets.xcassets */; };
		DDF69D5024A3C684002BD1D7 /* LaunchScreen.storyboard in Resources */ = {isa = PBXBuildFile; fileRef = DDF69D4E24A3C684002BD1D7 /* LaunchScreen.storyboard */; };
/* End PBXBuildFile section */

/* Begin PBXFileReference section */
		88A16C1FDDB361B5959F4288 /* Pods_ToDo.framework */ = {isa = PBXFileReference; explicitFileType = wrapper.framework; includeInIndex = 0; path = Pods_ToDo.framework; sourceTree = BUILT_PRODUCTS_DIR; };
		92F180A365DBB6839D715100 /* Pods-ToDo.debug.xcconfig */ = {isa = PBXFileReference; includeInIndex = 1; lastKnownFileType = text.xcconfig; name = "Pods-ToDo.debug.xcconfig"; path = "Target Support Files/Pods-ToDo/Pods-ToDo.debug.xcconfig"; sourceTree = "<group>"; };
		BA7BEA62F729F617AFB58087 /* Pods-ToDo.release.xcconfig */ = {isa = PBXFileReference; includeInIndex = 1; lastKnownFileType = text.xcconfig; name = "Pods-ToDo.release.xcconfig"; path = "Target Support Files/Pods-ToDo/Pods-ToDo.release.xcconfig"; sourceTree = "<group>"; };
		DD37196624B76E36008A0CAE /* CategoryViewController.swift */ = {isa = PBXFileReference; lastKnownFileType = sourcecode.swift; path = CategoryViewController.swift; sourceTree = "<group>"; };
		DDCE284724BB0CEF00E321A7 /* SwipeTableViewController.swift */ = {isa = PBXFileReference; lastKnownFileType = sourcecode.swift; path = SwipeTableViewController.swift; sourceTree = "<group>"; };
		DDF69D3D24A3C67F002BD1D7 /* ToDo.app */ = {isa = PBXFileReference; explicitFileType = wrapper.application; includeInIndex = 0; path = ToDo.app; sourceTree = BUILT_PRODUCTS_DIR; };
		DDF69D4024A3C67F002BD1D7 /* AppDelegate.swift */ = {isa = PBXFileReference; lastKnownFileType = sourcecode.swift; path = AppDelegate.swift; sourceTree = "<group>"; };
		DDF69D4224A3C67F002BD1D7 /* SceneDelegate.swift */ = {isa = PBXFileReference; lastKnownFileType = sourcecode.swift; path = SceneDelegate.swift; sourceTree = "<group>"; };
		DDF69D4424A3C67F002BD1D7 /* ToDoListViewController.swift */ = {isa = PBXFileReference; lastKnownFileType = sourcecode.swift; path = ToDoListViewController.swift; sourceTree = "<group>"; };
		DDF69D4724A3C67F002BD1D7 /* Base */ = {isa = PBXFileReference; lastKnownFileType = file.storyboard; name = Base; path = Base.lproj/Main.storyboard; sourceTree = "<group>"; };
		DDF69D4A24A3C67F002BD1D7 /* ToDo.xcdatamodel */ = {isa = PBXFileReference; lastKnownFileType = wrapper.xcdatamodel; path = ToDo.xcdatamodel; sourceTree = "<group>"; };
		DDF69D4C24A3C684002BD1D7 /* Assets.xcassets */ = {isa = PBXFileReference; lastKnownFileType = folder.assetcatalog; path = Assets.xcassets; sourceTree = "<group>"; };
		DDF69D4F24A3C684002BD1D7 /* Base */ = {isa = PBXFileReference; lastKnownFileType = file.storyboard; name = Base; path = Base.lproj/LaunchScreen.storyboard; sourceTree = "<group>"; };
		DDF69D5124A3C684002BD1D7 /* Info.plist */ = {isa = PBXFileReference; lastKnownFileType = text.plist.xml; path = Info.plist; sourceTree = "<group>"; };
/* End PBXFileReference section */

/* Begin PBXFrameworksBuildPhase section */
		DDF69D3A24A3C67F002BD1D7 /* Frameworks */ = {
			isa = PBXFrameworksBuildPhase;
			buildActionMask = 2147483647;
			files = (
				CFF7D8F0A0E45AEF3EB8C8CF /* Pods_ToDo.framework in Frameworks */,
			);
			runOnlyForDeploymentPostprocessing = 0;
		};
/* End PBXFrameworksBuildPhase section */

/* Begin PBXGroup section */
		88ECDA77CC42956EFDA34232 /* Frameworks */ = {
			isa = PBXGroup;
			children = (
				88A16C1FDDB361B5959F4288 /* Pods_ToDo.framework */,
			);
			name = Frameworks;
			sourceTree = "<group>";
		};
		DDF69D3424A3C67F002BD1D7 = {
			isa = PBXGroup;
			children = (
				DDF69D3F24A3C67F002BD1D7 /* ToDo */,
				DDF69D3E24A3C67F002BD1D7 /* Products */,
				E51747BA35766190665AFC8D /* Pods */,
				88ECDA77CC42956EFDA34232 /* Frameworks */,
			);
			sourceTree = "<group>";
		};
		DDF69D3E24A3C67F002BD1D7 /* Products */ = {
			isa = PBXGroup;
			children = (
				DDF69D3D24A3C67F002BD1D7 /* ToDo.app */,
			);
			name = Products;
			sourceTree = "<group>";
		};
		DDF69D3F24A3C67F002BD1D7 /* ToDo */ = {
			isa = PBXGroup;
			children = (
				DDF69D4024A3C67F002BD1D7 /* AppDelegate.swift */,
				DDF69D4224A3C67F002BD1D7 /* SceneDelegate.swift */,
				DDF69D5A24A66BD3002BD1D7 /* Model */,
				DDF69D5B24A66BE0002BD1D7 /* View */,
				DDF69D5C24A66BE9002BD1D7 /* Controller */,
				DDF69D4C24A3C684002BD1D7 /* Assets.xcassets */,
				DDF69D4E24A3C684002BD1D7 /* LaunchScreen.storyboard */,
				DDF69D5124A3C684002BD1D7 /* Info.plist */,
			);
			path = ToDo;
			sourceTree = "<group>";
		};
		DDF69D5A24A66BD3002BD1D7 /* Model */ = {
			isa = PBXGroup;
			children = (
				DDF69D4924A3C67F002BD1D7 /* ToDo.xcdatamodeld */,
			);
			path = Model;
			sourceTree = "<group>";
		};
		DDF69D5B24A66BE0002BD1D7 /* View */ = {
			isa = PBXGroup;
			children = (
				DDF69D4624A3C67F002BD1D7 /* Main.storyboard */,
			);
			path = View;
			sourceTree = "<group>";
		};
		DDF69D5C24A66BE9002BD1D7 /* Controller */ = {
			isa = PBXGroup;
			children = (
				DD37196624B76E36008A0CAE /* CategoryViewController.swift */,
				DDCE284724BB0CEF00E321A7 /* SwipeTableViewController.swift */,
				DDF69D4424A3C67F002BD1D7 /* ToDoListViewController.swift */,
			);
			path = Controller;
			sourceTree = "<group>";
		};
		E51747BA35766190665AFC8D /* Pods */ = {
			isa = PBXGroup;
			children = (
				92F180A365DBB6839D715100 /* Pods-ToDo.debug.xcconfig */,
				BA7BEA62F729F617AFB58087 /* Pods-ToDo.release.xcconfig */,
			);
			path = Pods;
			sourceTree = "<group>";
		};
/* End PBXGroup section */

/* Begin PBXNativeTarget section */
		DDF69D3C24A3C67F002BD1D7 /* ToDo */ = {
			isa = PBXNativeTarget;
			buildConfigurationList = DDF69D5424A3C684002BD1D7 /* Build configuration list for PBXNativeTarget "ToDo" */;
			buildPhases = (
				C511834B2C05C44AA62AD7B4 /* [CP] Check Pods Manifest.lock */,
				DDF69D3924A3C67F002BD1D7 /* Sources */,
				DDF69D3A24A3C67F002BD1D7 /* Frameworks */,
				DDF69D3B24A3C67F002BD1D7 /* Resources */,
				2CCB3AB3E1F3587A06421F25 /* [CP] Embed Pods Frameworks */,
			);
			buildRules = (
			);
			dependencies = (
			);
			name = ToDo;
			productName = ToDo;
			productReference = DDF69D3D24A3C67F002BD1D7 /* ToDo.app */;
			productType = "com.apple.product-type.application";
		};
/* End PBXNativeTarget section */

/* Begin PBXProject section */
		DDF69D3524A3C67F002BD1D7 /* Project object */ = {
			isa = PBXProject;
			attributes = {
				LastSwiftUpdateCheck = 1130;
				LastUpgradeCheck = 1130;
				ORGANIZATIONNAME = "Vladimir Kovalenko";
				TargetAttributes = {
					DDF69D3C24A3C67F002BD1D7 = {
						CreatedOnToolsVersion = 11.3.1;
					};
				};
			};
			buildConfigurationList = DDF69D3824A3C67F002BD1D7 /* Build configuration list for PBXProject "ToDo" */;
			compatibilityVersion = "Xcode 9.3";
			developmentRegion = en;
			hasScannedForEncodings = 0;
			knownRegions = (
				en,
				Base,
			);
			mainGroup = DDF69D3424A3C67F002BD1D7;
			productRefGroup = DDF69D3E24A3C67F002BD1D7 /* Products */;
			projectDirPath = "";
			projectRoot = "";
			targets = (
				DDF69D3C24A3C67F002BD1D7 /* ToDo */,
			);
		};
/* End PBXProject section */

/* Begin PBXResourcesBuildPhase section */
		DDF69D3B24A3C67F002BD1D7 /* Resources */ = {
			isa = PBXResourcesBuildPhase;
			buildActionMask = 2147483647;
			files = (
				DDF69D5024A3C684002BD1D7 /* LaunchScreen.storyboard in Resources */,
				DDF69D4D24A3C684002BD1D7 /* Assets.xcassets in Resources */,
				DDF69D4824A3C67F002BD1D7 /* Main.storyboard in Resources */,
			);
			runOnlyForDeploymentPostprocessing = 0;
		};
/* End PBXResourcesBuildPhase section */

/* Begin PBXShellScriptBuildPhase section */
		2CCB3AB3E1F3587A06421F25 /* [CP] Embed Pods Frameworks */ = {
			isa = PBXShellScriptBuildPhase;
			buildActionMask = 2147483647;
			files = (
			);
			inputFileListPaths = (
				"${PODS_ROOT}/Target Support Files/Pods-ToDo/Pods-ToDo-frameworks-${CONFIGURATION}-input-files.xcfilelist",
			);
			name = "[CP] Embed Pods Frameworks";
			outputFileListPaths = (
				"${PODS_ROOT}/Target Support Files/Pods-ToDo/Pods-ToDo-frameworks-${CONFIGURATION}-output-files.xcfilelist",
			);
			runOnlyForDeploymentPostprocessing = 0;
			shellPath = /bin/sh;
			shellScript = "\"${PODS_ROOT}/Target Support Files/Pods-ToDo/Pods-ToDo-frameworks.sh\"\n";
			showEnvVarsInLog = 0;
		};
		C511834B2C05C44AA62AD7B4 /* [CP] Check Pods Manifest.lock */ = {
			isa = PBXShellScriptBuildPhase;
			buildActionMask = 2147483647;
			files = (
			);
			inputFileListPaths = (
			);
			inputPaths = (
				"${PODS_PODFILE_DIR_PATH}/Podfile.lock",
				"${PODS_ROOT}/Manifest.lock",
			);
			name = "[CP] Check Pods Manifest.lock";
			outputFileListPaths = (
			);
			outputPaths = (
				"$(DERIVED_FILE_DIR)/Pods-ToDo-checkManifestLockResult.txt",
			);
			runOnlyForDeploymentPostprocessing = 0;
			shellPath = /bin/sh;
			shellScript = "diff \"${PODS_PODFILE_DIR_PATH}/Podfile.lock\" \"${PODS_ROOT}/Manifest.lock\" > /dev/null\nif [ $? != 0 ] ; then\n    # print error to STDERR\n    echo \"error: The sandbox is not in sync with the Podfile.lock. Run 'pod install' or update your CocoaPods installation.\" >&2\n    exit 1\nfi\n# This output is used by Xcode 'outputs' to avoid re-running this script phase.\necho \"SUCCESS\" > \"${SCRIPT_OUTPUT_FILE_0}\"\n";
			showEnvVarsInLog = 0;
		};
/* End PBXShellScriptBuildPhase section */

/* Begin PBXSourcesBuildPhase section */
		DDF69D3924A3C67F002BD1D7 /* Sources */ = {
			isa = PBXSourcesBuildPhase;
			buildActionMask = 2147483647;
			files = (
				DD37196724B76E36008A0CAE /* CategoryViewController.swift in Sources */,
				DDF69D4524A3C67F002BD1D7 /* ToDoListViewController.swift in Sources */,
				DDF69D4124A3C67F002BD1D7 /* AppDelegate.swift in Sources */,
				DDF69D4324A3C67F002BD1D7 /* SceneDelegate.swift in Sources */,
				DDCE284824BB0CEF00E321A7 /* SwipeTableViewController.swift in Sources */,
				DDF69D4B24A3C67F002BD1D7 /* ToDo.xcdatamodeld in Sources */,
			);
			runOnlyForDeploymentPostprocessing = 0;
		};
/* End PBXSourcesBuildPhase section */

/* Begin PBXVariantGroup section */
		DDF69D4624A3C67F002BD1D7 /* Main.storyboard */ = {
			isa = PBXVariantGroup;
			children = (
				DDF69D4724A3C67F002BD1D7 /* Base */,
			);
			name = Main.storyboard;
			sourceTree = "<group>";
		};
		DDF69D4E24A3C684002BD1D7 /* LaunchScreen.storyboard */ = {
			isa = PBXVariantGroup;
			children = (
				DDF69D4F24A3C684002BD1D7 /* Base */,
			);
			name = LaunchScreen.storyboard;
			sourceTree = "<group>";
		};
/* End PBXVariantGroup section */

/* Begin XCBuildConfiguration section */
		DDF69D5224A3C684002BD1D7 /* Debug */ = {
			isa = XCBuildConfiguration;
			buildSettings = {
				ALWAYS_SEARCH_USER_PATHS = NO;
				CLANG_ANALYZER_NONNULL = YES;
				CLANG_ANALYZER_NUMBER_OBJECT_CONVERSION = YES_AGGRESSIVE;
				CLANG_CXX_LANGUAGE_STANDARD = "gnu++14";
				CLANG_CXX_LIBRARY = "libc++";
				CLANG_ENABLE_MODULES = YES;
				CLANG_ENABLE_OBJC_ARC = YES;
				CLANG_ENABLE_OBJC_WEAK = YES;
				CLANG_WARN_BLOCK_CAPTURE_AUTORELEASING = YES;
				CLANG_WARN_BOOL_CONVERSION = YES;
				CLANG_WARN_COMMA = YES;
				CLANG_WARN_CONSTANT_CONVERSION = YES;
				CLANG_WARN_DEPRECATED_OBJC_IMPLEMENTATIONS = YES;
				CLANG_WARN_DIRECT_OBJC_ISA_USAGE = YES_ERROR;
				CLANG_WARN_DOCUMENTATION_COMMENTS = YES;
				CLANG_WARN_EMPTY_BODY = YES;
				CLANG_WARN_ENUM_CONVERSION = YES;
				CLANG_WARN_INFINITE_RECURSION = YES;
				CLANG_WARN_INT_CONVERSION = YES;
				CLANG_WARN_NON_LITERAL_NULL_CONVERSION = YES;
				CLANG_WARN_OBJC_IMPLICIT_RETAIN_SELF = YES;
				CLANG_WARN_OBJC_LITERAL_CONVERSION = YES;
				CLANG_WARN_OBJC_ROOT_CLASS = YES_ERROR;
				CLANG_WARN_RANGE_LOOP_ANALYSIS = YES;
				CLANG_WARN_STRICT_PROTOTYPES = YES;
				CLANG_WARN_SUSPICIOUS_MOVE = YES;
				CLANG_WARN_UNGUARDED_AVAILABILITY = YES_AGGRESSIVE;
				CLANG_WARN_UNREACHABLE_CODE = YES;
				CLANG_WARN__DUPLICATE_METHOD_MATCH = YES;
				COPY_PHASE_STRIP = NO;
				DEBUG_INFORMATION_FORMAT = dwarf;
				ENABLE_STRICT_OBJC_MSGSEND = YES;
				ENABLE_TESTABILITY = YES;
				GCC_C_LANGUAGE_STANDARD = gnu11;
				GCC_DYNAMIC_NO_PIC = NO;
				GCC_NO_COMMON_BLOCKS = YES;
				GCC_OPTIMIZATION_LEVEL = 0;
				GCC_PREPROCESSOR_DEFINITIONS = (
					"DEBUG=1",
					"$(inherited)",
				);
				GCC_WARN_64_TO_32_BIT_CONVERSION = YES;
				GCC_WARN_ABOUT_RETURN_TYPE = YES_ERROR;
				GCC_WARN_UNDECLARED_SELECTOR = YES;
				GCC_WARN_UNINITIALIZED_AUTOS = YES_AGGRESSIVE;
				GCC_WARN_UNUSED_FUNCTION = YES;
				GCC_WARN_UNUSED_VARIABLE = YES;
				IPHONEOS_DEPLOYMENT_TARGET = 13.2;
				MTL_ENABLE_DEBUG_INFO = INCLUDE_SOURCE;
				MTL_FAST_MATH = YES;
				ONLY_ACTIVE_ARCH = YES;
				SDKROOT = iphoneos;
				SWIFT_ACTIVE_COMPILATION_CONDITIONS = DEBUG;
				SWIFT_OPTIMIZATION_LEVEL = "-Onone";
			};
			name = Debug;
		};
		DDF69D5324A3C684002BD1D7 /* Release */ = {
			isa = XCBuildConfiguration;
			buildSettings = {
				ALWAYS_SEARCH_USER_PATHS = NO;
				CLANG_ANALYZER_NONNULL = YES;
				CLANG_ANALYZER_NUMBER_OBJECT_CONVERSION = YES_AGGRESSIVE;
				CLANG_CXX_LANGUAGE_STANDARD = "gnu++14";
				CLANG_CXX_LIBRARY = "libc++";
				CLANG_ENABLE_MODULES = YES;
				CLANG_ENABLE_OBJC_ARC = YES;
				CLANG_ENABLE_OBJC_WEAK = YES;
				CLANG_WARN_BLOCK_CAPTURE_AUTORELEASING = YES;
				CLANG_WARN_BOOL_CONVERSION = YES;
				CLANG_WARN_COMMA = YES;
				CLANG_WARN_CONSTANT_CONVERSION = YES;
				CLANG_WARN_DEPRECATED_OBJC_IMPLEMENTATIONS = YES;
				CLANG_WARN_DIRECT_OBJC_ISA_USAGE = YES_ERROR;
				CLANG_WARN_DOCUMENTATION_COMMENTS = YES;
				CLANG_WARN_EMPTY_BODY = YES;
				CLANG_WARN_ENUM_CONVERSION = YES;
				CLANG_WARN_INFINITE_RECURSION = YES;
				CLANG_WARN_INT_CONVERSION = YES;
				CLANG_WARN_NON_LITERAL_NULL_CONVERSION = YES;
				CLANG_WARN_OBJC_IMPLICIT_RETAIN_SELF = YES;
				CLANG_WARN_OBJC_LITERAL_CONVERSION = YES;
				CLANG_WARN_OBJC_ROOT_CLASS = YES_ERROR;
				CLANG_WARN_RANGE_LOOP_ANALYSIS = YES;
				CLANG_WARN_STRICT_PROTOTYPES = YES;
				CLANG_WARN_SUSPICIOUS_MOVE = YES;
				CLANG_WARN_UNGUARDED_AVAILABILITY = YES_AGGRESSIVE;
				CLANG_WARN_UNREACHABLE_CODE = YES;
				CLANG_WARN__DUPLICATE_METHOD_MATCH = YES;
				COPY_PHASE_STRIP = NO;
				DEBUG_INFORMATION_FORMAT = "dwarf-with-dsym";
				ENABLE_NS_ASSERTIONS = NO;
				ENABLE_STRICT_OBJC_MSGSEND = YES;
				GCC_C_LANGUAGE_STANDARD = gnu11;
				GCC_NO_COMMON_BLOCKS = YES;
				GCC_WARN_64_TO_32_BIT_CONVERSION = YES;
				GCC_WARN_ABOUT_RETURN_TYPE = YES_ERROR;
				GCC_WARN_UNDECLARED_SELECTOR = YES;
				GCC_WARN_UNINITIALIZED_AUTOS = YES_AGGRESSIVE;
				GCC_WARN_UNUSED_FUNCTION = YES;
				GCC_WARN_UNUSED_VARIABLE = YES;
				IPHONEOS_DEPLOYMENT_TARGET = 13.2;
				MTL_ENABLE_DEBUG_INFO = NO;
				MTL_FAST_MATH = YES;
				SDKROOT = iphoneos;
				SWIFT_COMPILATION_MODE = wholemodule;
				SWIFT_OPTIMIZATION_LEVEL = "-O";
				VALIDATE_PRODUCT = YES;
			};
			name = Release;
		};
		DDF69D5524A3C684002BD1D7 /* Debug */ = {
			isa = XCBuildConfiguration;
			baseConfigurationReference = 92F180A365DBB6839D715100 /* Pods-ToDo.debug.xcconfig */;
			buildSettings = {
				ASSETCATALOG_COMPILER_APPICON_NAME = AppIcon;
				CODE_SIGN_STYLE = Automatic;
				DEVELOPMENT_TEAM = PR437U27Q7;
				INFOPLIST_FILE = ToDo/Info.plist;
				LD_RUNPATH_SEARCH_PATHS = (
					"$(inherited)",
					"@executable_path/Frameworks",
				);
				PRODUCT_BUNDLE_IDENTIFIER = Vladimir.ToDo;
				PRODUCT_NAME = "$(TARGET_NAME)";
				SWIFT_VERSION = 5.0;
				TARGETED_DEVICE_FAMILY = "1,2";
			};
			name = Debug;
		};
		DDF69D5624A3C684002BD1D7 /* Release */ = {
			isa = XCBuildConfiguration;
			baseConfigurationReference = BA7BEA62F729F617AFB58087 /* Pods-ToDo.release.xcconfig */;
			buildSettings = {
				ASSETCATALOG_COMPILER_APPICON_NAME = AppIcon;
				CODE_SIGN_STYLE = Automatic;
				DEVELOPMENT_TEAM = PR437U27Q7;
				INFOPLIST_FILE = ToDo/Info.plist;
				LD_RUNPATH_SEARCH_PATHS = (
					"$(inherited)",
					"@executable_path/Frameworks",
				);
				PRODUCT_BUNDLE_IDENTIFIER = Vladimir.ToDo;
				PRODUCT_NAME = "$(TARGET_NAME)";
				SWIFT_VERSION = 5.0;
				TARGETED_DEVICE_FAMILY = "1,2";
			};
			name = Release;
		};
/* End XCBuildConfiguration section */

/* Begin XCConfigurationList section */
		DDF69D3824A3C67F002BD1D7 /* Build configuration list for PBXProject "ToDo" */ = {
			isa = XCConfigurationList;
			buildConfigurations = (
				DDF69D5224A3C684002BD1D7 /* Debug */,
				DDF69D5324A3C684002BD1D7 /* Release */,
			);
			defaultConfigurationIsVisible = 0;
			defaultConfigurationName = Release;
		};
		DDF69D5424A3C684002BD1D7 /* Build configuration list for PBXNativeTarget "ToDo" */ = {
			isa = XCConfigurationList;
			buildConfigurations = (
				DDF69D5524A3C684002BD1D7 /* Debug */,
				DDF69D5624A3C684002BD1D7 /* Release */,
			);
			defaultConfigurationIsVisible = 0;
			defaultConfigurationName = Release;
		};
/* End XCConfigurationList section */

/* Begin XCVersionGroup section */
		DDF69D4924A3C67F002BD1D7 /* ToDo.xcdatamodeld */ = {
			isa = XCVersionGroup;
			children = (
				DDF69D4A24A3C67F002BD1D7 /* ToDo.xcdatamodel */,
			);
			currentVersion = DDF69D4A24A3C67F002BD1D7 /* ToDo.xcdatamodel */;
			path = ToDo.xcdatamodeld;
			sourceTree = "<group>";
			versionGroupType = wrapper.xcdatamodel;
		};
/* End XCVersionGroup section */
	};
	rootObject = DDF69D3524A3C67F002BD1D7 /* Project object */;
}
